
Microsoft Visual Studio Solution File, Format Version 12.00
# Visual Studio Version 17
VisualStudioVersion = 17.8.34322.80
MinimumVisualStudioVersion = 10.0.40219.1
Project("{9A19103F-16F7-4668-BE54-9A1E7A4F7556}") = "AzureTodo", "AzureTodo.csproj", "{DB865E29-E2A4-4721-A782-02B03569BF9D}"
EndProject
Global
	GlobalSection(SolutionConfigurationPlatforms) = preSolution
		Debug|Any CPU = Debug|Any CPU
		Release|Any CPU = Release|Any CPU
	EndGlobalSection
	GlobalSection(ProjectConfigurationPlatforms) = postSolution
		{DB865E29-E2A4-4721-A782-02B03569BF9D}.Debug|Any CPU.ActiveCfg = Debug|Any CPU
		{DB865E29-E2A4-4721-A782-02B03569BF9D}.Debug|Any CPU.Build.0 = Debug|Any CPU
		{DB865E29-E2A4-4721-A782-02B03569BF9D}.Release|Any CPU.ActiveCfg = Release|Any CPU
		{DB865E29-E2A4-4721-A782-02B03569BF9D}.Release|Any CPU.Build.0 = Release|Any CPU
	EndGlobalSection
	GlobalSection(SolutionProperties) = preSolution
		HideSolutionNode = FALSE
	EndGlobalSection
	GlobalSection(ExtensibilityGlobals) = postSolution
		SolutionGuid = {02537634-C1E1-420E-BC46-CA4A47707627}
	EndGlobalSection
EndGlobal
